lockfileVersion: '9.0'

settings:
  autoInstallPeers: false
  excludeLinksFromLockfile: false

importers:

  .:
    devDependencies:
      prettier:
        specifier: ^3.3.3
        version: 3.3.3
      turbo:
        specifier: ^2.0.14
        version: 2.0.14
      typescript:
        specifier: ^5.6.3
        version: 5.6.3

packages:

  prettier@3.3.3:
    resolution: {integrity: sha512-i2tDNA0O5IrMO757lfrdQZCc2jPNDVntV0m/+4whiDfWaTKfMNgR7Qz0NAeGz/nRqF4m5/6CLzbP4/liHt12Ew==}
    engines: {node: '>=14'}
    hasBin: true

  turbo-darwin-64@2.0.14:
    resolution: {integrity: sha512-kwfDmjNwlNfvtrvT29+ZBg5n1Wvxl891bFHchMJyzMoR0HOE9N1NSNdSZb9wG3e7sYNIu4uDkNk+VBEqJW0HzQ==}
    cpu: [x64]
    os: [darwin]

  turbo-darwin-arm64@2.0.14:
    resolution: {integrity: sha512-m3LXYEshCx3wc4ZClM6gb01KYpFmtjQ9IBF3A7ofjb6ahux3xlYZJZ3uFCLAGHuvGLuJ3htfiPbwlDPTdknqqw==}
    cpu: [arm64]
    os: [darwin]

  turbo-linux-64@2.0.14:
    resolution: {integrity: sha512-7vBzCPdoTtR92SNn2JMgj1FlMmyonGmpMaQdgAB1OVYtuQ6NVGoh7/lODfaILqXjpvmFSVbpBIDrKOT6EvcprQ==}
    cpu: [x64]
    os: [linux]

  turbo-linux-arm64@2.0.14:
    resolution: {integrity: sha512-jwH+c0bfjpBf26K/tdEFatmnYyXwGROjbr6bZmNcL8R+IkGAc/cglL+OToqJnQZTgZvH7uDGbeSyUo7IsHyjuA==}
    cpu: [arm64]
    os: [linux]

  turbo-windows-64@2.0.14:
    resolution: {integrity: sha512-w9/XwkHSzvLjmioo6cl3S1yRfI6swxsV1j1eJwtl66JM4/pn0H2rBa855R0n7hZnmI6H5ywLt/nLt6Ae8RTDmw==}
    cpu: [x64]
    os: [win32]

  turbo-windows-arm64@2.0.14:
    resolution: {integrity: sha512-XaQlyYk+Rf4xS5XWCo8XCMIpssgGGy8blzLfolN6YBp4baElIWMlkLZHDbGyiFmCbNf9I9gJI64XGRG+LVyyjA==}
    cpu: [arm64]
    os: [win32]

  turbo@2.0.14:
    resolution: {integrity: sha512-00JjdCMD/cpsjP0Izkjcm8Oaor5yUCfDwODtaLb+WyblyadkaDEisGhy3Dbd5az9n+5iLSPiUgf+WjPbns6MRg==}
    hasBin: true

  typescript@5.6.3:
    resolution: {integrity: sha512-hjcS1mhfuyi4WW8IWtjP7brDrG2cuDZukyrYrSauoXGNgx0S7zceP07adYkJycEr56BOUTNPzbInooiN3fn1qw==}
    engines: {node: '>=14.17'}
    hasBin: true

snapshots:

  prettier@3.3.3: {}

  turbo-darwin-64@2.0.14:
    optional: true

  turbo-darwin-arm64@2.0.14:
    optional: true

  turbo-linux-64@2.0.14:
    optional: true

  turbo-linux-arm64@2.0.14:
    optional: true

  turbo-windows-64@2.0.14:
    optional: true

  turbo-windows-arm64@2.0.14:
    optional: true

  turbo@2.0.14:
    optionalDependencies:
      turbo-darwin-64: 2.0.14
      turbo-darwin-arm64: 2.0.14
      turbo-linux-64: 2.0.14
      turbo-linux-arm64: 2.0.14
      turbo-windows-64: 2.0.14
      turbo-windows-arm64: 2.0.14

  typescript@5.6.3: {}
